{
  "name": "jq-terminal",
  "version": "3.0.0",
  "lockfileVersion": 2,
  "requires": true,
  "packages": {
    "": {
      "name": "jq-terminal",
      "version": "3.0.0",
      "license": "MIT",
      "dependencies": {
        "cash-dom": "^8.1.1"
      },
      "devDependencies": {
        "typescript": "^4.7.4"
      }
    },
    "node_modules/cash-dom": {
      "version": "8.1.1",
      "resolved": "https://registry.npmjs.org/cash-dom/-/cash-dom-8.1.1.tgz",
      "integrity": "sha512-aMESow+8m7EuifAeNhpnRHQHN8O24gGeiR53lebD5ShBCisBCoB4y5BBe9pGXtTPP6b1qCp90W9HaaUARyc16Q=="
    },
    "node_modules/typescript": {
      "version": "4.7.4",
      "resolved": "https://registry.npmjs.org/typescript/-/typescript-4.7.4.tgz",
      "integrity": "sha512-C0WQT0gezHuw6AdY1M2jxUO83Rjf0HP7Sk1DtXj6j1EwkQNZrHAg2XPWlq62oqEhYvONq5pkC2Y9oPljWToLmQ==",
      "dev": true,
      "bin": {
        "tsc": "bin/tsc",
        "tsserver": "bin/tsserver"
      },
      "engines": {
        "node": ">=4.2.0"
      }
    }
  },
  "dependencies": {
    "cash-dom": {
      "version": "8.1.1",
      "resolved": "https://registry.npmjs.org/cash-dom/-/cash-dom-8.1.1.tgz",
      "integrity": "sha512-aMESow+8m7EuifAeNhpnRHQHN8O24gGeiR53lebD5ShBCisBCoB4y5BBe9pGXtTPP6b1qCp90W9HaaUARyc16Q=="
    },
    "typescript": {
      "version": "4.7.4",
      "resolved": "https://registry.npmjs.org/typescript/-/typescript-4.7.4.tgz",
      "integrity": "sha512-C0WQT0gezHuw6AdY1M2jxUO83Rjf0HP7Sk1DtXj6j1EwkQNZrHAg2XPWlq62oqEhYvONq5pkC2Y9oPljWToLmQ==",
      "dev": true
    }
  }
}
